// !$*UTF8*$!
{
	archiveVersion = 1;
	classes = {
	};
	objectVersion = 50;
	objects = {

/* Begin PBXBuildFile section */
		7D05BD6623283AA0000D7D00 /* noteTakingViewModel.swift in Sources */ = {isa = PBXBuildFile; fileRef = 7D05BD6523283AA0000D7D00 /* noteTakingViewModel.swift */; };
		7D1A700323093B8D00265985 /* AppDelegate.swift in Sources */ = {isa = PBXBuildFile; fileRef = 7D1A700223093B8D00265985 /* AppDelegate.swift */; };
		7D1A700A23093B8F00265985 /* Assets.xcassets in Resources */ = {isa = PBXBuildFile; fileRef = 7D1A700923093B8F00265985 /* Assets.xcassets */; };
		7D1A700D23093B8F00265985 /* LaunchScreen.storyboard in Resources */ = {isa = PBXBuildFile; fileRef = 7D1A700B23093B8F00265985 /* LaunchScreen.storyboard */; };
		7D1A701523093BC200265985 /* noteTakingViewController.swift in Sources */ = {isa = PBXBuildFile; fileRef = 7D1A701423093BC200265985 /* noteTakingViewController.swift */; };
		7D1A701723093C1300265985 /* noteTakingView.swift in Sources */ = {isa = PBXBuildFile; fileRef = 7D1A701623093C1300265985 /* noteTakingView.swift */; };
		7D1A701923096AF300265985 /* CollectionViewCell.swift in Sources */ = {isa = PBXBuildFile; fileRef = 7D1A701823096AF300265985 /* CollectionViewCell.swift */; };
		7D1A701B230A9E8000265985 /* notesView.swift in Sources */ = {isa = PBXBuildFile; fileRef = 7D1A701A230A9E8000265985 /* notesView.swift */; };
		7D1A701D230ED1D500265985 /* detailsViewController.swift in Sources */ = {isa = PBXBuildFile; fileRef = 7D1A701C230ED1D500265985 /* detailsViewController.swift */; };
		7D1A701F230EDB2800265985 /* Notes.swift in Sources */ = {isa = PBXBuildFile; fileRef = 7D1A701E230EDB2800265985 /* Notes.swift */; };
/* End PBXBuildFile section */

/* Begin PBXFileReference section */
		7D05BD6523283AA0000D7D00 /* noteTakingViewModel.swift */ = {isa = PBXFileReference; lastKnownFileType = sourcecode.swift; path = noteTakingViewModel.swift; sourceTree = "<group>"; };
		7D1A6FFF23093B8D00265985 /* noteTaking.app */ = {isa = PBXFileReference; explicitFileType = wrapper.application; includeInIndex = 0; path = noteTaking.app; sourceTree = BUILT_PRODUCTS_DIR; };
		7D1A700223093B8D00265985 /* AppDelegate.swift */ = {isa = PBXFileReference; lastKnownFileType = sourcecode.swift; path = AppDelegate.swift; sourceTree = "<group>"; };
		7D1A700923093B8F00265985 /* Assets.xcassets */ = {isa = PBXFileReference; lastKnownFileType = folder.assetcatalog; path = Assets.xcassets; sourceTree = "<group>"; };
		7D1A700C23093B8F00265985 /* Base */ = {isa = PBXFileReference; lastKnownFileType = file.storyboard; name = Base; path = Base.lproj/LaunchScreen.storyboard; sourceTree = "<group>"; };
		7D1A700E23093B8F00265985 /* Info.plist */ = {isa = PBXFileReference; lastKnownFileType = text.plist.xml; path = Info.plist; sourceTree = "<group>"; };
		7D1A701423093BC200265985 /* noteTakingViewController.swift */ = {isa = PBXFileReference; lastKnownFileType = sourcecode.swift; path = noteTakingViewController.swift; sourceTree = "<group>"; };
		7D1A701623093C1300265985 /* noteTakingView.swift */ = {isa = PBXFileReference; lastKnownFileType = sourcecode.swift; path = noteTakingView.swift; sourceTree = "<group>"; };
		7D1A701823096AF300265985 /* CollectionViewCell.swift */ = {isa = PBXFileReference; lastKnownFileType = sourcecode.swift; path = CollectionViewCell.swift; sourceTree = "<group>"; };
		7D1A701A230A9E8000265985 /* notesView.swift */ = {isa = PBXFileReference; lastKnownFileType = sourcecode.swift; path = notesView.swift; sourceTree = "<group>"; };
		7D1A701C230ED1D500265985 /* detailsViewController.swift */ = {isa = PBXFileReference; lastKnownFileType = sourcecode.swift; path = detailsViewController.swift; sourceTree = "<group>"; };
		7D1A701E230EDB2800265985 /* Notes.swift */ = {isa = PBXFileReference; lastKnownFileType = sourcecode.swift; path = Notes.swift; sourceTree = "<group>"; };
/* End PBXFileReference section */

/* Begin PBXFrameworksBuildPhase section */
		7D1A6FFC23093B8D00265985 /* Frameworks */ = {
			isa = PBXFrameworksBuildPhase;
			buildActionMask = 2147483647;
			files = (
			);
			runOnlyForDeploymentPostprocessing = 0;
		};
/* End PBXFrameworksBuildPhase section */

/* Begin PBXGroup section */
		7D1A6FF623093B8D00265985 = {
			isa = PBXGroup;
			children = (
				7D1A700123093B8D00265985 /* noteTaking */,
				7D1A700023093B8D00265985 /* Products */,
			);
			sourceTree = "<group>";
		};
		7D1A700023093B8D00265985 /* Products */ = {
			isa = PBXGroup;
			children = (
				7D1A6FFF23093B8D00265985 /* noteTaking.app */,
			);
			name = Products;
			sourceTree = "<group>";
		};
		7D1A700123093B8D00265985 /* noteTaking */ = {
			isa = PBXGroup;
			children = (
				7D1A700223093B8D00265985 /* AppDelegate.swift */,
				7D1A700923093B8F00265985 /* Assets.xcassets */,
				7D1A700B23093B8F00265985 /* LaunchScreen.storyboard */,
				7D1A700E23093B8F00265985 /* Info.plist */,
				7D1A701423093BC200265985 /* noteTakingViewController.swift */,
				7D1A701623093C1300265985 /* noteTakingView.swift */,
				7D1A701823096AF300265985 /* CollectionViewCell.swift */,
				7D1A701A230A9E8000265985 /* notesView.swift */,
				7D1A701C230ED1D500265985 /* detailsViewController.swift */,
				7D1A701E230EDB2800265985 /* Notes.swift */,
				7D05BD6523283AA0000D7D00 /* noteTakingViewModel.swift */,
			);
			path = noteTaking;
			sourceTree = "<group>";
		};
/* End PBXGroup section */

/* Begin PBXNativeTarget section */
		7D1A6FFE23093B8D00265985 /* noteTaking */ = {
			isa = PBXNativeTarget;
			buildConfigurationList = 7D1A701123093B8F00265985 /* Build configuration list for PBXNativeTarget "noteTaking" */;
			buildPhases = (
				7D1A6FFB23093B8D00265985 /* Sources */,
				7D1A6FFC23093B8D00265985 /* Frameworks */,
				7D1A6FFD23093B8D00265985 /* Resources */,
			);
			buildRules = (
			);
			dependencies = (
			);
			name = noteTaking;
			productName = noteTaking;
			productReference = 7D1A6FFF23093B8D00265985 /* noteTaking.app */;
			productType = "com.apple.product-type.application";
		};
/* End PBXNativeTarget section */

/* Begin PBXProject section */
		7D1A6FF723093B8D00265985 /* Project object */ = {
			isa = PBXProject;
			attributes = {
				LastSwiftUpdateCheck = 1020;
				LastUpgradeCheck = 1020;
				ORGANIZATIONNAME = "Anastasia Riawan Soenjoto";
				TargetAttributes = {
					7D1A6FFE23093B8D00265985 = {
						CreatedOnToolsVersion = 10.2.1;
					};
				};
			};
			buildConfigurationList = 7D1A6FFA23093B8D00265985 /* Build configuration list for PBXProject "noteTaking" */;
			compatibilityVersion = "Xcode 9.3";
			developmentRegion = en;
			hasScannedForEncodings = 0;
			knownRegions = (
				en,
				Base,
			);
			mainGroup = 7D1A6FF623093B8D00265985;
			productRefGroup = 7D1A700023093B8D00265985 /* Products */;
			projectDirPath = "";
			projectRoot = "";
			targets = (
				7D1A6FFE23093B8D00265985 /* noteTaking */,
			);
		};
/* End PBXProject section */

/* Begin PBXResourcesBuildPhase section */
		7D1A6FFD23093B8D00265985 /* Resources */ = {
			isa = PBXResourcesBuildPhase;
			buildActionMask = 2147483647;
			files = (
				7D1A700D23093B8F00265985 /* LaunchScreen.storyboard in Resources */,
				7D1A700A23093B8F00265985 /* Assets.xcassets in Resources */,
			);
			runOnlyForDeploymentPostprocessing = 0;
		};
/* End PBXResourcesBuildPhase section */

/* Begin PBXSourcesBuildPhase section */
		7D1A6FFB23093B8D00265985 /* Sources */ = {
			isa = PBXSourcesBuildPhase;
			buildActionMask = 2147483647;
			files = (
				7D1A701B230A9E8000265985 /* notesView.swift in Sources */,
				7D1A701F230EDB2800265985 /* Notes.swift in Sources */,
				7D1A701D230ED1D500265985 /* detailsViewController.swift in Sources */,
				7D1A701523093BC200265985 /* noteTakingViewController.swift in Sources */,
				7D05BD6623283AA0000D7D00 /* noteTakingViewModel.swift in Sources */,
				7D1A701723093C1300265985 /* noteTakingView.swift in Sources */,
				7D1A701923096AF300265985 /* CollectionViewCell.swift in Sources */,
				7D1A700323093B8D00265985 /* AppDelegate.swift in Sources */,
			);
			runOnlyForDeploymentPostprocessing = 0;
		};
/* End PBXSourcesBuildPhase section */

/* Begin PBXVariantGroup section */
		7D1A700B23093B8F00265985 /* LaunchScreen.storyboard */ = {
			isa = PBXVariantGroup;
			children = (
				7D1A700C23093B8F00265985 /* Base */,
			);
			name = LaunchScreen.storyboard;
			sourceTree = "<group>";
		};
/* End PBXVariantGroup section */

/* Begin XCBuildConfiguration section */
		7D1A700F23093B8F00265985 /* Debug */ = {
			isa = XCBuildConfiguration;
			buildSettings = {
				ALWAYS_SEARCH_USER_PATHS = NO;
				CLANG_ANALYZER_NONNULL = YES;
				CLANG_ANALYZER_NUMBER_OBJECT_CONVERSION = YES_AGGRESSIVE;
				CLANG_CXX_LANGUAGE_STANDARD = "gnu++14";
				CLANG_CXX_LIBRARY = "libc++";
				CLANG_ENABLE_MODULES = YES;
				CLANG_ENABLE_OBJC_ARC = YES;
				CLANG_ENABLE_OBJC_WEAK = YES;
				CLANG_WARN_BLOCK_CAPTURE_AUTORELEASING = YES;
				CLANG_WARN_BOOL_CONVERSION = YES;
				CLANG_WARN_COMMA = YES;
				CLANG_WARN_CONSTANT_CONVERSION = YES;
				CLANG_WARN_DEPRECATED_OBJC_IMPLEMENTATIONS = YES;
				CLANG_WARN_DIRECT_OBJC_ISA_USAGE = YES_ERROR;
				CLANG_WARN_DOCUMENTATION_COMMENTS = YES;
				CLANG_WARN_EMPTY_BODY = YES;
				CLANG_WARN_ENUM_CONVERSION = YES;
				CLANG_WARN_INFINITE_RECURSION = YES;
				CLANG_WARN_INT_CONVERSION = YES;
				CLANG_WARN_NON_LITERAL_NULL_CONVERSION = YES;
				CLANG_WARN_OBJC_IMPLICIT_RETAIN_SELF = YES;
				CLANG_WARN_OBJC_LITERAL_CONVERSION = YES;
				CLANG_WARN_OBJC_ROOT_CLASS = YES_ERROR;
				CLANG_WARN_RANGE_LOOP_ANALYSIS = YES;
				CLANG_WARN_STRICT_PROTOTYPES = YES;
				CLANG_WARN_SUSPICIOUS_MOVE = YES;
				CLANG_WARN_UNGUARDED_AVAILABILITY = YES_AGGRESSIVE;
				CLANG_WARN_UNREACHABLE_CODE = YES;
				CLANG_WARN__DUPLICATE_METHOD_MATCH = YES;
				CODE_SIGN_IDENTITY = "iPhone Developer";
				COPY_PHASE_STRIP = NO;
				DEBUG_INFORMATION_FORMAT = dwarf;
				ENABLE_STRICT_OBJC_MSGSEND = YES;
				ENABLE_TESTABILITY = YES;
				GCC_C_LANGUAGE_STANDARD = gnu11;
				GCC_DYNAMIC_NO_PIC = NO;
				GCC_NO_COMMON_BLOCKS = YES;
				GCC_OPTIMIZATION_LEVEL = 0;
				GCC_PREPROCESSOR_DEFINITIONS = (
					"DEBUG=1",
					"$(inherited)",
				);
				GCC_WARN_64_TO_32_BIT_CONVERSION = YES;
				GCC_WARN_ABOUT_RETURN_TYPE = YES_ERROR;
				GCC_WARN_UNDECLARED_SELECTOR = YES;
				GCC_WARN_UNINITIALIZED_AUTOS = YES_AGGRESSIVE;
				GCC_WARN_UNUSED_FUNCTION = YES;
				GCC_WARN_UNUSED_VARIABLE = YES;
				IPHONEOS_DEPLOYMENT_TARGET = 12.2;
				MTL_ENABLE_DEBUG_INFO = INCLUDE_SOURCE;
				MTL_FAST_MATH = YES;
				ONLY_ACTIVE_ARCH = YES;
				SDKROOT = iphoneos;
				SWIFT_ACTIVE_COMPILATION_CONDITIONS = DEBUG;
				SWIFT_OPTIMIZATION_LEVEL = "-Onone";
			};
			name = Debug;
		};
		7D1A701023093B8F00265985 /* Release */ = {
			isa = XCBuildConfiguration;
			buildSettings = {
				ALWAYS_SEARCH_USER_PATHS = NO;
				CLANG_ANALYZER_NONNULL = YES;
				CLANG_ANALYZER_NUMBER_OBJECT_CONVERSION = YES_AGGRESSIVE;
				CLANG_CXX_LANGUAGE_STANDARD = "gnu++14";
				CLANG_CXX_LIBRARY = "libc++";
				CLANG_ENABLE_MODULES = YES;
				CLANG_ENABLE_OBJC_ARC = YES;
				CLANG_ENABLE_OBJC_WEAK = YES;
				CLANG_WARN_BLOCK_CAPTURE_AUTORELEASING = YES;
				CLANG_WARN_BOOL_CONVERSION = YES;
				CLANG_WARN_COMMA = YES;
				CLANG_WARN_CONSTANT_CONVERSION = YES;
				CLANG_WARN_DEPRECATED_OBJC_IMPLEMENTATIONS = YES;
				CLANG_WARN_DIRECT_OBJC_ISA_USAGE = YES_ERROR;
				CLANG_WARN_DOCUMENTATION_COMMENTS = YES;
				CLANG_WARN_EMPTY_BODY = YES;
				CLANG_WARN_ENUM_CONVERSION = YES;
				CLANG_WARN_INFINITE_RECURSION = YES;
				CLANG_WARN_INT_CONVERSION = YES;
				CLANG_WARN_NON_LITERAL_NULL_CONVERSION = YES;
				CLANG_WARN_OBJC_IMPLICIT_RETAIN_SELF = YES;
				CLANG_WARN_OBJC_LITERAL_CONVERSION = YES;
				CLANG_WARN_OBJC_ROOT_CLASS = YES_ERROR;
				CLANG_WARN_RANGE_LOOP_ANALYSIS = YES;
				CLANG_WARN_STRICT_PROTOTYPES = YES;
				CLANG_WARN_SUSPICIOUS_MOVE = YES;
				CLANG_WARN_UNGUARDED_AVAILABILITY = YES_AGGRESSIVE;
				CLANG_WARN_UNREACHABLE_CODE = YES;
				CLANG_WARN__DUPLICATE_METHOD_MATCH = YES;
				CODE_SIGN_IDENTITY = "iPhone Developer";
				COPY_PHASE_STRIP = NO;
				DEBUG_INFORMATION_FORMAT = "dwarf-with-dsym";
				ENABLE_NS_ASSERTIONS = NO;
				ENABLE_STRICT_OBJC_MSGSEND = YES;
				GCC_C_LANGUAGE_STANDARD = gnu11;
				GCC_NO_COMMON_BLOCKS = YES;
				GCC_WARN_64_TO_32_BIT_CONVERSION = YES;
				GCC_WARN_ABOUT_RETURN_TYPE = YES_ERROR;
				GCC_WARN_UNDECLARED_SELECTOR = YES;
				GCC_WARN_UNINITIALIZED_AUTOS = YES_AGGRESSIVE;
				GCC_WARN_UNUSED_FUNCTION = YES;
				GCC_WARN_UNUSED_VARIABLE = YES;
				IPHONEOS_DEPLOYMENT_TARGET = 12.2;
				MTL_ENABLE_DEBUG_INFO = NO;
				MTL_FAST_MATH = YES;
				SDKROOT = iphoneos;
				SWIFT_COMPILATION_MODE = wholemodule;
				SWIFT_OPTIMIZATION_LEVEL = "-O";
				VALIDATE_PRODUCT = YES;
			};
			name = Release;
		};
		7D1A701223093B8F00265985 /* Debug */ = {
			isa = XCBuildConfiguration;
			buildSettings = {
				ASSETCATALOG_COMPILER_APPICON_NAME = AppIcon;
				CODE_SIGN_STYLE = Automatic;
				INFOPLIST_FILE = noteTaking/Info.plist;
				LD_RUNPATH_SEARCH_PATHS = (
					"$(inherited)",
					"@executable_path/Frameworks",
				);
				PRODUCT_BUNDLE_IDENTIFIER = test.noteTaking;
				PRODUCT_NAME = "$(TARGET_NAME)";
				SWIFT_VERSION = 5.0;
				TARGETED_DEVICE_FAMILY = "1,2";
			};
			name = Debug;
		};
		7D1A701323093B8F00265985 /* Release */ = {
			isa = XCBuildConfiguration;
			buildSettings = {
				ASSETCATALOG_COMPILER_APPICON_NAME = AppIcon;
				CODE_SIGN_STYLE = Automatic;
				INFOPLIST_FILE = noteTaking/Info.plist;
				LD_RUNPATH_SEARCH_PATHS = (
					"$(inherited)",
					"@executable_path/Frameworks",
				);
				PRODUCT_BUNDLE_IDENTIFIER = test.noteTaking;
				PRODUCT_NAME = "$(TARGET_NAME)";
				SWIFT_VERSION = 5.0;
				TARGETED_DEVICE_FAMILY = "1,2";
			};
			name = Release;
		};
/* End XCBuildConfiguration section */

/* Begin XCConfigurationList section */
		7D1A6FFA23093B8D00265985 /* Build configuration list for PBXProject "noteTaking" */ = {
			isa = XCConfigurationList;
			buildConfigurations = (
				7D1A700F23093B8F00265985 /* Debug */,
				7D1A701023093B8F00265985 /* Release */,
			);
			defaultConfigurationIsVisible = 0;
			defaultConfigurationName = Release;
		};
		7D1A701123093B8F00265985 /* Build configuration list for PBXNativeTarget "noteTaking" */ = {
			isa = XCConfigurationList;
			buildConfigurations = (
				7D1A701223093B8F00265985 /* Debug */,
				7D1A701323093B8F00265985 /* Release */,
			);
			defaultConfigurationIsVisible = 0;
			defaultConfigurationName = Release;
		};
/* End XCConfigurationList section */
	};
	rootObject = 7D1A6FF723093B8D00265985 /* Project object */;
}
